
Microsoft Visual Studio Solution File, Format Version 12.00
# Visual Studio Version 17
VisualStudioVersion = 17.0.31903.59
MinimumVisualStudioVersion = 10.0.40219.1
Project("{2150E333-8FDC-42A3-9474-1A3956D46DE8}") = "src", "src", "{827E0CD3-B72D-47B6-A68D-7590B98EB39B}"
EndProject
Project("{FAE04EC0-301F-11D3-BF4B-00C04F79EFBC}") = "MiniExam.Core", "src\MiniExam.Core\MiniExam.Core.csproj", "{D764D387-9A0E-4AC2-A2E4-9F9A2DAE88D0}"
EndProject
Project("{FAE04EC0-301F-11D3-BF4B-00C04F79EFBC}") = "MiniExam.App", "src\MiniExam.App\MiniExam.App.csproj", "{E7430B72-6819-4989-8E5B-877362F93CFC}"
EndProject
Project("{2150E333-8FDC-42A3-9474-1A3956D46DE8}") = "tests", "tests", "{0AB3BF05-4346-4AA6-1389-037BE0695223}"
EndProject
Project("{FAE04EC0-301F-11D3-BF4B-00C04F79EFBC}") = "MiniExam.Tests", "tests\MiniExam.Tests\MiniExam.Tests.csproj", "{C7A792A8-D228-441B-BCBD-947B4E2C6504}"
EndProject
Global
	GlobalSection(SolutionConfigurationPlatforms) = preSolution
		Debug|Any CPU = Debug|Any CPU
		Debug|x64 = Debug|x64
		Debug|x86 = Debug|x86
		Release|Any CPU = Release|Any CPU
		Release|x64 = Release|x64
		Release|x86 = Release|x86
	EndGlobalSection
	GlobalSection(ProjectConfigurationPlatforms) = postSolution
		{D764D387-9A0E-4AC2-A2E4-9F9A2DAE88D0}.Debug|Any CPU.ActiveCfg = Debug|Any CPU
		{D764D387-9A0E-4AC2-A2E4-9F9A2DAE88D0}.Debug|Any CPU.Build.0 = Debug|Any CPU
		{D764D387-9A0E-4AC2-A2E4-9F9A2DAE88D0}.Debug|x64.ActiveCfg = Debug|Any CPU
		{D764D387-9A0E-4AC2-A2E4-9F9A2DAE88D0}.Debug|x64.Build.0 = Debug|Any CPU
		{D764D387-9A0E-4AC2-A2E4-9F9A2DAE88D0}.Debug|x86.ActiveCfg = Debug|Any CPU
		{D764D387-9A0E-4AC2-A2E4-9F9A2DAE88D0}.Debug|x86.Build.0 = Debug|Any CPU
		{D764D387-9A0E-4AC2-A2E4-9F9A2DAE88D0}.Release|Any CPU.ActiveCfg = Release|Any CPU
		{D764D387-9A0E-4AC2-A2E4-9F9A2DAE88D0}.Release|Any CPU.Build.0 = Release|Any CPU
		{D764D387-9A0E-4AC2-A2E4-9F9A2DAE88D0}.Release|x64.ActiveCfg = Release|Any CPU
		{D764D387-9A0E-4AC2-A2E4-9F9A2DAE88D0}.Release|x64.Build.0 = Release|Any CPU
		{D764D387-9A0E-4AC2-A2E4-9F9A2DAE88D0}.Release|x86.ActiveCfg = Release|Any CPU
		{D764D387-9A0E-4AC2-A2E4-9F9A2DAE88D0}.Release|x86.Build.0 = Release|Any CPU
		{E7430B72-6819-4989-8E5B-877362F93CFC}.Debug|Any CPU.ActiveCfg = Debug|Any CPU
		{E7430B72-6819-4989-8E5B-877362F93CFC}.Debug|Any CPU.Build.0 = Debug|Any CPU
		{E7430B72-6819-4989-8E5B-877362F93CFC}.Debug|x64.ActiveCfg = Debug|Any CPU
		{E7430B72-6819-4989-8E5B-877362F93CFC}.Debug|x64.Build.0 = Debug|Any CPU
		{E7430B72-6819-4989-8E5B-877362F93CFC}.Debug|x86.ActiveCfg = Debug|Any CPU
		{E7430B72-6819-4989-8E5B-877362F93CFC}.Debug|x86.Build.0 = Debug|Any CPU
		{E7430B72-6819-4989-8E5B-877362F93CFC}.Release|Any CPU.ActiveCfg = Release|Any CPU
		{E7430B72-6819-4989-8E5B-877362F93CFC}.Release|Any CPU.Build.0 = Release|Any CPU
		{E7430B72-6819-4989-8E5B-877362F93CFC}.Release|x64.ActiveCfg = Release|Any CPU
		{E7430B72-6819-4989-8E5B-877362F93CFC}.Release|x64.Build.0 = Release|Any CPU
		{E7430B72-6819-4989-8E5B-877362F93CFC}.Release|x86.ActiveCfg = Release|Any CPU
		{E7430B72-6819-4989-8E5B-877362F93CFC}.Release|x86.Build.0 = Release|Any CPU
		{C7A792A8-D228-441B-BCBD-947B4E2C6504}.Debug|Any CPU.ActiveCfg = Debug|Any CPU
		{C7A792A8-D228-441B-BCBD-947B4E2C6504}.Debug|Any CPU.Build.0 = Debug|Any CPU
		{C7A792A8-D228-441B-BCBD-947B4E2C6504}.Debug|x64.ActiveCfg = Debug|Any CPU
		{C7A792A8-D228-441B-BCBD-947B4E2C6504}.Debug|x64.Build.0 = Debug|Any CPU
		{C7A792A8-D228-441B-BCBD-947B4E2C6504}.Debug|x86.ActiveCfg = Debug|Any CPU
		{C7A792A8-D228-441B-BCBD-947B4E2C6504}.Debug|x86.Build.0 = Debug|Any CPU
		{C7A792A8-D228-441B-BCBD-947B4E2C6504}.Release|Any CPU.ActiveCfg = Release|Any CPU
		{C7A792A8-D228-441B-BCBD-947B4E2C6504}.Release|Any CPU.Build.0 = Release|Any CPU
		{C7A792A8-D228-441B-BCBD-947B4E2C6504}.Release|x64.ActiveCfg = Release|Any CPU
		{C7A792A8-D228-441B-BCBD-947B4E2C6504}.Release|x64.Build.0 = Release|Any CPU
		{C7A792A8-D228-441B-BCBD-947B4E2C6504}.Release|x86.ActiveCfg = Release|Any CPU
		{C7A792A8-D228-441B-BCBD-947B4E2C6504}.Release|x86.Build.0 = Release|Any CPU
	EndGlobalSection
	GlobalSection(SolutionProperties) = preSolution
		HideSolutionNode = FALSE
	EndGlobalSection
	GlobalSection(NestedProjects) = preSolution
		{D764D387-9A0E-4AC2-A2E4-9F9A2DAE88D0} = {827E0CD3-B72D-47B6-A68D-7590B98EB39B}
		{E7430B72-6819-4989-8E5B-877362F93CFC} = {827E0CD3-B72D-47B6-A68D-7590B98EB39B}
		{C7A792A8-D228-441B-BCBD-947B4E2C6504} = {0AB3BF05-4346-4AA6-1389-037BE0695223}
	EndGlobalSection
EndGlobal
